
Microsoft Visual Studio Solution File, Format Version 12.00
# Visual Studio 15
VisualStudioVersion = 15.0.28307.757
MinimumVisualStudioVersion = 10.0.40219.1
Project("{9A19103F-16F7-4668-BE54-9A1E7A4F7556}") = "SurveyAPI", "SurveyAPI\SurveyAPI.csproj", "{43B73ED4-03B5-4973-A2EA-BA717FB95C0B}"
EndProject
Global
	GlobalSection(SolutionConfigurationPlatforms) = preSolution
		Debug|Any CPU = Debug|Any CPU
		Release|Any CPU = Release|Any CPU
	EndGlobalSection
	GlobalSection(ProjectConfigurationPlatforms) = postSolution
		{43B73ED4-03B5-4973-A2EA-BA717FB95C0B}.Debug|Any CPU.ActiveCfg = Debug|Any CPU
		{43B73ED4-03B5-4973-A2EA-BA717FB95C0B}.Debug|Any CPU.Build.0 = Debug|Any CPU
		{43B73ED4-03B5-4973-A2EA-BA717FB95C0B}.Release|Any CPU.ActiveCfg = Release|Any CPU
		{43B73ED4-03B5-4973-A2EA-BA717FB95C0B}.Release|Any CPU.Build.0 = Release|Any CPU
	EndGlobalSection
	GlobalSection(SolutionProperties) = preSolution
		HideSolutionNode = FALSE
	EndGlobalSection
	GlobalSection(ExtensibilityGlobals) = postSolution
		SolutionGuid = {352C0E3E-3776-4EB9-9D63-C01ABFE065FF}
	EndGlobalSection
EndGlobal
